# THIS IS AN AUTOGENERATED FILE. DO NOT EDIT THIS FILE DIRECTLY.
# yarn lockfile v1


decode-uri-component@^0.2.0:
  version "0.2.0"
  resolved "https://registry.yarnpkg.com/decode-uri-component/-/decode-uri-component-0.2.0.tgz#eb3913333458775cb84cd1a1fae062106bb87545"

gatsby-node-helpers@^0.3.0:
  version "0.3.0"
  resolved "https://registry.yarnpkg.com/gatsby-node-helpers/-/gatsby-node-helpers-0.3.0.tgz#3bdca3b7902a702a5834fef280ad66d51099d57c"
  dependencies:
    json-stringify-safe "^5.0.1"
    lodash "^4.17.4"
    p-is-promise "^1.1.0"

json-stringify-safe@^5.0.1:
  version "5.0.1"
  resolved "https://registry.yarnpkg.com/json-stringify-safe/-/json-stringify-safe-5.0.1.tgz#1296a2d58fd45f19a0f6ce01d65701e2c735b6eb"

lodash@^4.17.4:
  version "4.17.10"
  resolved "https://registry.yarnpkg.com/lodash/-/lodash-4.17.10.tgz#1b7793cf7259ea38fb3661d4d38b3260af8ae4e7"

node-fetch@^2.2.0:
  version "2.2.0"
  resolved "https://registry.yarnpkg.com/node-fetch/-/node-fetch-2.2.0.tgz#4ee79bde909262f9775f731e3656d0db55ced5b5"

p-is-promise@^1.1.0:
  version "1.1.0"
  resolved "https://registry.yarnpkg.com/p-is-promise/-/p-is-promise-1.1.0.tgz#9c9456989e9f6588017b0434d56097675c3da05e"

query-string@^6.1.0:
  version "6.1.0"
  resolved "https://registry.yarnpkg.com/query-string/-/query-string-6.1.0.tgz#01e7d69f6a0940dac67a937d6c6325647aa4532a"
  dependencies:
    decode-uri-component "^0.2.0"
    strict-uri-encode "^2.0.0"

strict-uri-encode@^2.0.0:
  version "2.0.0"
  resolved "https://registry.yarnpkg.com/strict-uri-encode/-/strict-uri-encode-2.0.0.tgz#b9c7330c7042862f6b142dc274bbcc5866ce3546"
